// !$*UTF8*$!
{
	archiveVersion = 1;
	classes = {
	};
	objectVersion = 50;
	objects = {

/* Begin PBXBuildFile section */
		10CA37BB1AE32078E4601A2F /* Pods_Prueba.framework in Frameworks */ = {isa = PBXBuildFile; fileRef = C687CAD5A1B18A7974BAA8B9 /* Pods_Prueba.framework */; };
		2325573122E6168300140750 /* AppDelegate.swift in Sources */ = {isa = PBXBuildFile; fileRef = 2325573022E6168300140750 /* AppDelegate.swift */; };
		2325573622E6168300140750 /* Main.storyboard in Resources */ = {isa = PBXBuildFile; fileRef = 2325573422E6168300140750 /* Main.storyboard */; };
		2325573822E6168500140750 /* Assets.xcassets in Resources */ = {isa = PBXBuildFile; fileRef = 2325573722E6168500140750 /* Assets.xcassets */; };
		2325573B22E6168500140750 /* LaunchScreen.storyboard in Resources */ = {isa = PBXBuildFile; fileRef = 2325573922E6168500140750 /* LaunchScreen.storyboard */; };
		2325574322E6303100140750 /* SignInVC.swift in Sources */ = {isa = PBXBuildFile; fileRef = 2325574222E6303100140750 /* SignInVC.swift */; };
		2325574622E6330300140750 /* Utils.swift in Sources */ = {isa = PBXBuildFile; fileRef = 2325574522E6330300140750 /* Utils.swift */; };
		2325574922E6355C00140750 /* Overlay.swift in Sources */ = {isa = PBXBuildFile; fileRef = 2325574822E6355C00140750 /* Overlay.swift */; };
		2325574C22E6469E00140750 /* URLCostants.swift in Sources */ = {isa = PBXBuildFile; fileRef = 2325574B22E6469E00140750 /* URLCostants.swift */; };
		2325574E22E64D1000140750 /* HomeVC.swift in Sources */ = {isa = PBXBuildFile; fileRef = 2325574D22E64D1000140750 /* HomeVC.swift */; };
		23FDB91922E7AE0C0039DE78 /* Order.swift in Sources */ = {isa = PBXBuildFile; fileRef = 23FDB91822E7AE0C0039DE78 /* Order.swift */; };
/* End PBXBuildFile section */

/* Begin PBXFileReference section */
		2325572D22E6168300140750 /* Prueba.app */ = {isa = PBXFileReference; explicitFileType = wrapper.application; includeInIndex = 0; path = Prueba.app; sourceTree = BUILT_PRODUCTS_DIR; };
		2325573022E6168300140750 /* AppDelegate.swift */ = {isa = PBXFileReference; lastKnownFileType = sourcecode.swift; path = AppDelegate.swift; sourceTree = "<group>"; };
		2325573522E6168300140750 /* Base */ = {isa = PBXFileReference; lastKnownFileType = file.storyboard; name = Base; path = Base.lproj/Main.storyboard; sourceTree = "<group>"; };
		2325573722E6168500140750 /* Assets.xcassets */ = {isa = PBXFileReference; lastKnownFileType = folder.assetcatalog; path = Assets.xcassets; sourceTree = "<group>"; };
		2325573A22E6168500140750 /* Base */ = {isa = PBXFileReference; lastKnownFileType = file.storyboard; name = Base; path = Base.lproj/LaunchScreen.storyboard; sourceTree = "<group>"; };
		2325573C22E6168500140750 /* Info.plist */ = {isa = PBXFileReference; lastKnownFileType = text.plist.xml; path = Info.plist; sourceTree = "<group>"; };
		2325574222E6303100140750 /* SignInVC.swift */ = {isa = PBXFileReference; lastKnownFileType = sourcecode.swift; path = SignInVC.swift; sourceTree = "<group>"; };
		2325574522E6330300140750 /* Utils.swift */ = {isa = PBXFileReference; fileEncoding = 4; lastKnownFileType = sourcecode.swift; path = Utils.swift; sourceTree = "<group>"; };
		2325574822E6355C00140750 /* Overlay.swift */ = {isa = PBXFileReference; lastKnownFileType = sourcecode.swift; path = Overlay.swift; sourceTree = "<group>"; };
		2325574B22E6469E00140750 /* URLCostants.swift */ = {isa = PBXFileReference; lastKnownFileType = sourcecode.swift; path = URLCostants.swift; sourceTree = "<group>"; };
		2325574D22E64D1000140750 /* HomeVC.swift */ = {isa = PBXFileReference; lastKnownFileType = sourcecode.swift; path = HomeVC.swift; sourceTree = "<group>"; };
		23FDB91822E7AE0C0039DE78 /* Order.swift */ = {isa = PBXFileReference; lastKnownFileType = sourcecode.swift; path = Order.swift; sourceTree = "<group>"; };
		C407D2A2B09CA52181078BC2 /* Pods-Prueba.debug.xcconfig */ = {isa = PBXFileReference; includeInIndex = 1; lastKnownFileType = text.xcconfig; name = "Pods-Prueba.debug.xcconfig"; path = "Target Support Files/Pods-Prueba/Pods-Prueba.debug.xcconfig"; sourceTree = "<group>"; };
		C687CAD5A1B18A7974BAA8B9 /* Pods_Prueba.framework */ = {isa = PBXFileReference; explicitFileType = wrapper.framework; includeInIndex = 0; path = Pods_Prueba.framework; sourceTree = BUILT_PRODUCTS_DIR; };
		C8B9DFD4A78E719480EBEB1E /* Pods-Prueba.release.xcconfig */ = {isa = PBXFileReference; includeInIndex = 1; lastKnownFileType = text.xcconfig; name = "Pods-Prueba.release.xcconfig"; path = "Target Support Files/Pods-Prueba/Pods-Prueba.release.xcconfig"; sourceTree = "<group>"; };
/* End PBXFileReference section */

/* Begin PBXFrameworksBuildPhase section */
		2325572A22E6168300140750 /* Frameworks */ = {
			isa = PBXFrameworksBuildPhase;
			buildActionMask = 2147483647;
			files = (
				10CA37BB1AE32078E4601A2F /* Pods_Prueba.framework in Frameworks */,
			);
			runOnlyForDeploymentPostprocessing = 0;
		};
/* End PBXFrameworksBuildPhase section */

/* Begin PBXGroup section */
		2325572422E6168300140750 = {
			isa = PBXGroup;
			children = (
				2325572F22E6168300140750 /* Prueba */,
				2325572E22E6168300140750 /* Products */,
				70E8DCDD179257F8A6DFCDA0 /* Pods */,
				C241641B0DD91A477DB9EB7F /* Frameworks */,
			);
			sourceTree = "<group>";
		};
		2325572E22E6168300140750 /* Products */ = {
			isa = PBXGroup;
			children = (
				2325572D22E6168300140750 /* Prueba.app */,
			);
			name = Products;
			sourceTree = "<group>";
		};
		2325572F22E6168300140750 /* Prueba */ = {
			isa = PBXGroup;
			children = (
				23FDB91722E7ADF40039DE78 /* Models */,
				23FDB91422E6657D0039DE78 /* Controllers */,
				2325574A22E6467A00140750 /* Constants */,
				2325574422E632DC00140750 /* Utils */,
				2325573022E6168300140750 /* AppDelegate.swift */,
				2325573422E6168300140750 /* Main.storyboard */,
				2325573722E6168500140750 /* Assets.xcassets */,
				2325573922E6168500140750 /* LaunchScreen.storyboard */,
				2325573C22E6168500140750 /* Info.plist */,
			);
			path = Prueba;
			sourceTree = "<group>";
		};
		2325574422E632DC00140750 /* Utils */ = {
			isa = PBXGroup;
			children = (
				2325574722E6352900140750 /* Overlay */,
				2325574522E6330300140750 /* Utils.swift */,
			);
			path = Utils;
			sourceTree = "<group>";
		};
		2325574722E6352900140750 /* Overlay */ = {
			isa = PBXGroup;
			children = (
				2325574822E6355C00140750 /* Overlay.swift */,
			);
			path = Overlay;
			sourceTree = "<group>";
		};
		2325574A22E6467A00140750 /* Constants */ = {
			isa = PBXGroup;
			children = (
				2325574B22E6469E00140750 /* URLCostants.swift */,
			);
			path = Constants;
			sourceTree = "<group>";
		};
		23FDB91422E6657D0039DE78 /* Controllers */ = {
			isa = PBXGroup;
			children = (
				23FDB91622E7AA670039DE78 /* Home */,
				23FDB91522E7AA5E0039DE78 /* Ligin */,
			);
			path = Controllers;
			sourceTree = "<group>";
		};
		23FDB91522E7AA5E0039DE78 /* Ligin */ = {
			isa = PBXGroup;
			children = (
				2325574222E6303100140750 /* SignInVC.swift */,
			);
			name = Ligin;
			path = ../..;
			sourceTree = "<group>";
		};
		23FDB91622E7AA670039DE78 /* Home */ = {
			isa = PBXGroup;
			children = (
				2325574D22E64D1000140750 /* HomeVC.swift */,
			);
			path = Home;
			sourceTree = "<group>";
		};
		23FDB91722E7ADF40039DE78 /* Models */ = {
			isa = PBXGroup;
			children = (
				23FDB91822E7AE0C0039DE78 /* Order.swift */,
			);
			path = Models;
			sourceTree = "<group>";
		};
		70E8DCDD179257F8A6DFCDA0 /* Pods */ = {
			isa = PBXGroup;
			children = (
				C407D2A2B09CA52181078BC2 /* Pods-Prueba.debug.xcconfig */,
				C8B9DFD4A78E719480EBEB1E /* Pods-Prueba.release.xcconfig */,
			);
			path = Pods;
			sourceTree = "<group>";
		};
		C241641B0DD91A477DB9EB7F /* Frameworks */ = {
			isa = PBXGroup;
			children = (
				C687CAD5A1B18A7974BAA8B9 /* Pods_Prueba.framework */,
			);
			name = Frameworks;
			sourceTree = "<group>";
		};
/* End PBXGroup section */

/* Begin PBXNativeTarget section */
		2325572C22E6168300140750 /* Prueba */ = {
			isa = PBXNativeTarget;
			buildConfigurationList = 2325573F22E6168500140750 /* Build configuration list for PBXNativeTarget "Prueba" */;
			buildPhases = (
				A1A064B8ADEEE54804ABB47E /* [CP] Check Pods Manifest.lock */,
				2325572922E6168300140750 /* Sources */,
				2325572A22E6168300140750 /* Frameworks */,
				2325572B22E6168300140750 /* Resources */,
				59F95D2E9E69E981A81CA534 /* [CP] Embed Pods Frameworks */,
			);
			buildRules = (
			);
			dependencies = (
			);
			name = Prueba;
			productName = Prueba;
			productReference = 2325572D22E6168300140750 /* Prueba.app */;
			productType = "com.apple.product-type.application";
		};
/* End PBXNativeTarget section */

/* Begin PBXProject section */
		2325572522E6168300140750 /* Project object */ = {
			isa = PBXProject;
			attributes = {
				LastSwiftUpdateCheck = 1020;
				LastUpgradeCheck = 1020;
				ORGANIZATIONNAME = "Gerardo Xiloxochitl";
				TargetAttributes = {
					2325572C22E6168300140750 = {
						CreatedOnToolsVersion = 10.2.1;
					};
				};
			};
			buildConfigurationList = 2325572822E6168300140750 /* Build configuration list for PBXProject "Prueba" */;
			compatibilityVersion = "Xcode 9.3";
			developmentRegion = en;
			hasScannedForEncodings = 0;
			knownRegions = (
				en,
				Base,
			);
			mainGroup = 2325572422E6168300140750;
			productRefGroup = 2325572E22E6168300140750 /* Products */;
			projectDirPath = "";
			projectRoot = "";
			targets = (
				2325572C22E6168300140750 /* Prueba */,
			);
		};
/* End PBXProject section */

/* Begin PBXResourcesBuildPhase section */
		2325572B22E6168300140750 /* Resources */ = {
			isa = PBXResourcesBuildPhase;
			buildActionMask = 2147483647;
			files = (
				2325573B22E6168500140750 /* LaunchScreen.storyboard in Resources */,
				2325573822E6168500140750 /* Assets.xcassets in Resources */,
				2325573622E6168300140750 /* Main.storyboard in Resources */,
			);
			runOnlyForDeploymentPostprocessing = 0;
		};
/* End PBXResourcesBuildPhase section */

/* Begin PBXShellScriptBuildPhase section */
		59F95D2E9E69E981A81CA534 /* [CP] Embed Pods Frameworks */ = {
			isa = PBXShellScriptBuildPhase;
			buildActionMask = 2147483647;
			files = (
			);
			inputFileListPaths = (
			);
			inputPaths = (
				"${PODS_ROOT}/Target Support Files/Pods-Prueba/Pods-Prueba-frameworks.sh",
				"${BUILT_PRODUCTS_DIR}/AWSAuthCore/AWSAuthCore.framework",
				"${BUILT_PRODUCTS_DIR}/AWSCognitoIdentityProvider/AWSCognitoIdentityProvider.framework",
				"${BUILT_PRODUCTS_DIR}/AWSCognitoIdentityProviderASF/AWSCognitoIdentityProviderASF.framework",
				"${BUILT_PRODUCTS_DIR}/AWSCore/AWSCore.framework",
				"${BUILT_PRODUCTS_DIR}/AWSPinpoint/AWSPinpoint.framework",
				"${BUILT_PRODUCTS_DIR}/Alamofire/Alamofire.framework",
				"${BUILT_PRODUCTS_DIR}/SwiftyJSON/SwiftyJSON.framework",
			);
			name = "[CP] Embed Pods Frameworks";
			outputFileListPaths = (
			);
			outputPaths = (
				"${TARGET_BUILD_DIR}/${FRAMEWORKS_FOLDER_PATH}/AWSAuthCore.framework",
				"${TARGET_BUILD_DIR}/${FRAMEWORKS_FOLDER_PATH}/AWSCognitoIdentityProvider.framework",
				"${TARGET_BUILD_DIR}/${FRAMEWORKS_FOLDER_PATH}/AWSCognitoIdentityProviderASF.framework",
				"${TARGET_BUILD_DIR}/${FRAMEWORKS_FOLDER_PATH}/AWSCore.framework",
				"${TARGET_BUILD_DIR}/${FRAMEWORKS_FOLDER_PATH}/AWSPinpoint.framework",
				"${TARGET_BUILD_DIR}/${FRAMEWORKS_FOLDER_PATH}/Alamofire.framework",
				"${TARGET_BUILD_DIR}/${FRAMEWORKS_FOLDER_PATH}/SwiftyJSON.framework",
			);
			runOnlyForDeploymentPostprocessing = 0;
			shellPath = /bin/sh;
			shellScript = "\"${PODS_ROOT}/Target Support Files/Pods-Prueba/Pods-Prueba-frameworks.sh\"\n";
			showEnvVarsInLog = 0;
		};
		A1A064B8ADEEE54804ABB47E /* [CP] Check Pods Manifest.lock */ = {
			isa = PBXShellScriptBuildPhase;
			buildActionMask = 2147483647;
			files = (
			);
			inputFileListPaths = (
			);
			inputPaths = (
				"${PODS_PODFILE_DIR_PATH}/Podfile.lock",
				"${PODS_ROOT}/Manifest.lock",
			);
			name = "[CP] Check Pods Manifest.lock";
			outputFileListPaths = (
			);
			outputPaths = (
				"$(DERIVED_FILE_DIR)/Pods-Prueba-checkManifestLockResult.txt",
			);
			runOnlyForDeploymentPostprocessing = 0;
			shellPath = /bin/sh;
			shellScript = "diff \"${PODS_PODFILE_DIR_PATH}/Podfile.lock\" \"${PODS_ROOT}/Manifest.lock\" > /dev/null\nif [ $? != 0 ] ; then\n    # print error to STDERR\n    echo \"error: The sandbox is not in sync with the Podfile.lock. Run 'pod install' or update your CocoaPods installation.\" >&2\n    exit 1\nfi\n# This output is used by Xcode 'outputs' to avoid re-running this script phase.\necho \"SUCCESS\" > \"${SCRIPT_OUTPUT_FILE_0}\"\n";
			showEnvVarsInLog = 0;
		};
/* End PBXShellScriptBuildPhase section */

/* Begin PBXSourcesBuildPhase section */
		2325572922E6168300140750 /* Sources */ = {
			isa = PBXSourcesBuildPhase;
			buildActionMask = 2147483647;
			files = (
				2325574322E6303100140750 /* SignInVC.swift in Sources */,
				2325573122E6168300140750 /* AppDelegate.swift in Sources */,
				2325574922E6355C00140750 /* Overlay.swift in Sources */,
				2325574E22E64D1000140750 /* HomeVC.swift in Sources */,
				2325574622E6330300140750 /* Utils.swift in Sources */,
				2325574C22E6469E00140750 /* URLCostants.swift in Sources */,
				23FDB91922E7AE0C0039DE78 /* Order.swift in Sources */,
			);
			runOnlyForDeploymentPostprocessing = 0;
		};
/* End PBXSourcesBuildPhase section */

/* Begin PBXVariantGroup section */
		2325573422E6168300140750 /* Main.storyboard */ = {
			isa = PBXVariantGroup;
			children = (
				2325573522E6168300140750 /* Base */,
			);
			name = Main.storyboard;
			sourceTree = "<group>";
		};
		2325573922E6168500140750 /* LaunchScreen.storyboard */ = {
			isa = PBXVariantGroup;
			children = (
				2325573A22E6168500140750 /* Base */,
			);
			name = LaunchScreen.storyboard;
			sourceTree = "<group>";
		};
/* End PBXVariantGroup section */

/* Begin XCBuildConfiguration section */
		2325573D22E6168500140750 /* Debug */ = {
			isa = XCBuildConfiguration;
			buildSettings = {
				ALWAYS_SEARCH_USER_PATHS = NO;
				CLANG_ANALYZER_NONNULL = YES;
				CLANG_ANALYZER_NUMBER_OBJECT_CONVERSION = YES_AGGRESSIVE;
				CLANG_CXX_LANGUAGE_STANDARD = "gnu++14";
				CLANG_CXX_LIBRARY = "libc++";
				CLANG_ENABLE_MODULES = YES;
				CLANG_ENABLE_OBJC_ARC = YES;
				CLANG_ENABLE_OBJC_WEAK = YES;
				CLANG_WARN_BLOCK_CAPTURE_AUTORELEASING = YES;
				CLANG_WARN_BOOL_CONVERSION = YES;
				CLANG_WARN_COMMA = YES;
				CLANG_WARN_CONSTANT_CONVERSION = YES;
				CLANG_WARN_DEPRECATED_OBJC_IMPLEMENTATIONS = YES;
				CLANG_WARN_DIRECT_OBJC_ISA_USAGE = YES_ERROR;
				CLANG_WARN_DOCUMENTATION_COMMENTS = YES;
				CLANG_WARN_EMPTY_BODY = YES;
				CLANG_WARN_ENUM_CONVERSION = YES;
				CLANG_WARN_INFINITE_RECURSION = YES;
				CLANG_WARN_INT_CONVERSION = YES;
				CLANG_WARN_NON_LITERAL_NULL_CONVERSION = YES;
				CLANG_WARN_OBJC_IMPLICIT_RETAIN_SELF = YES;
				CLANG_WARN_OBJC_LITERAL_CONVERSION = YES;
				CLANG_WARN_OBJC_ROOT_CLASS = YES_ERROR;
				CLANG_WARN_RANGE_LOOP_ANALYSIS = YES;
				CLANG_WARN_STRICT_PROTOTYPES = YES;
				CLANG_WARN_SUSPICIOUS_MOVE = YES;
				CLANG_WARN_UNGUARDED_AVAILABILITY = YES_AGGRESSIVE;
				CLANG_WARN_UNREACHABLE_CODE = YES;
				CLANG_WARN__DUPLICATE_METHOD_MATCH = YES;
				CODE_SIGN_IDENTITY = "iPhone Developer";
				COPY_PHASE_STRIP = NO;
				DEBUG_INFORMATION_FORMAT = dwarf;
				ENABLE_STRICT_OBJC_MSGSEND = YES;
				ENABLE_TESTABILITY = YES;
				GCC_C_LANGUAGE_STANDARD = gnu11;
				GCC_DYNAMIC_NO_PIC = NO;
				GCC_NO_COMMON_BLOCKS = YES;
				GCC_OPTIMIZATION_LEVEL = 0;
				GCC_PREPROCESSOR_DEFINITIONS = (
					"DEBUG=1",
					"$(inherited)",
				);
				GCC_WARN_64_TO_32_BIT_CONVERSION = YES;
				GCC_WARN_ABOUT_RETURN_TYPE = YES_ERROR;
				GCC_WARN_UNDECLARED_SELECTOR = YES;
				GCC_WARN_UNINITIALIZED_AUTOS = YES_AGGRESSIVE;
				GCC_WARN_UNUSED_FUNCTION = YES;
				GCC_WARN_UNUSED_VARIABLE = YES;
				IPHONEOS_DEPLOYMENT_TARGET = 12.2;
				MTL_ENABLE_DEBUG_INFO = INCLUDE_SOURCE;
				MTL_FAST_MATH = YES;
				ONLY_ACTIVE_ARCH = YES;
				SDKROOT = iphoneos;
				SWIFT_ACTIVE_COMPILATION_CONDITIONS = DEBUG;
				SWIFT_OPTIMIZATION_LEVEL = "-Onone";
			};
			name = Debug;
		};
		2325573E22E6168500140750 /* Release */ = {
			isa = XCBuildConfiguration;
			buildSettings = {
				ALWAYS_SEARCH_USER_PATHS = NO;
				CLANG_ANALYZER_NONNULL = YES;
				CLANG_ANALYZER_NUMBER_OBJECT_CONVERSION = YES_AGGRESSIVE;
				CLANG_CXX_LANGUAGE_STANDARD = "gnu++14";
				CLANG_CXX_LIBRARY = "libc++";
				CLANG_ENABLE_MODULES = YES;
				CLANG_ENABLE_OBJC_ARC = YES;
				CLANG_ENABLE_OBJC_WEAK = YES;
				CLANG_WARN_BLOCK_CAPTURE_AUTORELEASING = YES;
				CLANG_WARN_BOOL_CONVERSION = YES;
				CLANG_WARN_COMMA = YES;
				CLANG_WARN_CONSTANT_CONVERSION = YES;
				CLANG_WARN_DEPRECATED_OBJC_IMPLEMENTATIONS = YES;
				CLANG_WARN_DIRECT_OBJC_ISA_USAGE = YES_ERROR;
				CLANG_WARN_DOCUMENTATION_COMMENTS = YES;
				CLANG_WARN_EMPTY_BODY = YES;
				CLANG_WARN_ENUM_CONVERSION = YES;
				CLANG_WARN_INFINITE_RECURSION = YES;
				CLANG_WARN_INT_CONVERSION = YES;
				CLANG_WARN_NON_LITERAL_NULL_CONVERSION = YES;
				CLANG_WARN_OBJC_IMPLICIT_RETAIN_SELF = YES;
				CLANG_WARN_OBJC_LITERAL_CONVERSION = YES;
				CLANG_WARN_OBJC_ROOT_CLASS = YES_ERROR;
				CLANG_WARN_RANGE_LOOP_ANALYSIS = YES;
				CLANG_WARN_STRICT_PROTOTYPES = YES;
				CLANG_WARN_SUSPICIOUS_MOVE = YES;
				CLANG_WARN_UNGUARDED_AVAILABILITY = YES_AGGRESSIVE;
				CLANG_WARN_UNREACHABLE_CODE = YES;
				CLANG_WARN__DUPLICATE_METHOD_MATCH = YES;
				CODE_SIGN_IDENTITY = "iPhone Developer";
				COPY_PHASE_STRIP = NO;
				DEBUG_INFORMATION_FORMAT = "dwarf-with-dsym";
				ENABLE_NS_ASSERTIONS = NO;
				ENABLE_STRICT_OBJC_MSGSEND = YES;
				GCC_C_LANGUAGE_STANDARD = gnu11;
				GCC_NO_COMMON_BLOCKS = YES;
				GCC_WARN_64_TO_32_BIT_CONVERSION = YES;
				GCC_WARN_ABOUT_RETURN_TYPE = YES_ERROR;
				GCC_WARN_UNDECLARED_SELECTOR = YES;
				GCC_WARN_UNINITIALIZED_AUTOS = YES_AGGRESSIVE;
				GCC_WARN_UNUSED_FUNCTION = YES;
				GCC_WARN_UNUSED_VARIABLE = YES;
				IPHONEOS_DEPLOYMENT_TARGET = 12.2;
				MTL_ENABLE_DEBUG_INFO = NO;
				MTL_FAST_MATH = YES;
				SDKROOT = iphoneos;
				SWIFT_COMPILATION_MODE = wholemodule;
				SWIFT_OPTIMIZATION_LEVEL = "-O";
				VALIDATE_PRODUCT = YES;
			};
			name = Release;
		};
		2325574022E6168500140750 /* Debug */ = {
			isa = XCBuildConfiguration;
			baseConfigurationReference = C407D2A2B09CA52181078BC2 /* Pods-Prueba.debug.xcconfig */;
			buildSettings = {
				ASSETCATALOG_COMPILER_APPICON_NAME = AppIcon;
				CODE_SIGN_STYLE = Automatic;
				DEVELOPMENT_TEAM = KBRT9JZT44;
				INFOPLIST_FILE = Prueba/Info.plist;
				LD_RUNPATH_SEARCH_PATHS = (
					"$(inherited)",
					"@executable_path/Frameworks",
				);
				PRODUCT_BUNDLE_IDENTIFIER = xyloxochitl.com.Prueba;
				PRODUCT_NAME = "$(TARGET_NAME)";
				SWIFT_VERSION = 5.0;
				TARGETED_DEVICE_FAMILY = 1;
			};
			name = Debug;
		};
		2325574122E6168500140750 /* Release */ = {
			isa = XCBuildConfiguration;
			baseConfigurationReference = C8B9DFD4A78E719480EBEB1E /* Pods-Prueba.release.xcconfig */;
			buildSettings = {
				ASSETCATALOG_COMPILER_APPICON_NAME = AppIcon;
				CODE_SIGN_STYLE = Automatic;
				DEVELOPMENT_TEAM = KBRT9JZT44;
				INFOPLIST_FILE = Prueba/Info.plist;
				LD_RUNPATH_SEARCH_PATHS = (
					"$(inherited)",
					"@executable_path/Frameworks",
				);
				PRODUCT_BUNDLE_IDENTIFIER = xyloxochitl.com.Prueba;
				PRODUCT_NAME = "$(TARGET_NAME)";
				SWIFT_VERSION = 5.0;
				TARGETED_DEVICE_FAMILY = 1;
			};
			name = Release;
		};
/* End XCBuildConfiguration section */

/* Begin XCConfigurationList section */
		2325572822E6168300140750 /* Build configuration list for PBXProject "Prueba" */ = {
			isa = XCConfigurationList;
			buildConfigurations = (
				2325573D22E6168500140750 /* Debug */,
				2325573E22E6168500140750 /* Release */,
			);
			defaultConfigurationIsVisible = 0;
			defaultConfigurationName = Release;
		};
		2325573F22E6168500140750 /* Build configuration list for PBXNativeTarget "Prueba" */ = {
			isa = XCConfigurationList;
			buildConfigurations = (
				2325574022E6168500140750 /* Debug */,
				2325574122E6168500140750 /* Release */,
			);
			defaultConfigurationIsVisible = 0;
			defaultConfigurationName = Release;
		};
/* End XCConfigurationList section */
	};
	rootObject = 2325572522E6168300140750 /* Project object */;
}
